
Microsoft Visual Studio Solution File, Format Version 12.00
# Visual Studio Version 17
VisualStudioVersion = 17.2.32519.379
MinimumVisualStudioVersion = 10.0.40219.1
Project("{FAE04EC0-301F-11D3-BF4B-00C04F79EFBC}") = "TestProjectVD", "TestProjectVD\TestProjectVD.csproj", "{B452E0D8-2B9A-4393-B87A-26D13AE0A35F}"
EndProject
Project("{FAE04EC0-301F-11D3-BF4B-00C04F79EFBC}") = "Entities", "Entities\Entities.csproj", "{6FC2AA3F-7488-42FF-998C-5B3EF771642E}"
EndProject
Project("{FAE04EC0-301F-11D3-BF4B-00C04F79EFBC}") = "Query", "Query\Query.csproj", "{E4DE396A-C7AD-4DD2-A260-F2D3231D85E1}"
EndProject
Project("{FAE04EC0-301F-11D3-BF4B-00C04F79EFBC}") = "Serializer", "Serializer\Serializer.csproj", "{588297CD-8BAF-41AE-A55A-81A563764FA3}"
EndProject
Global
	GlobalSection(SolutionConfigurationPlatforms) = preSolution
		Debug|Any CPU = Debug|Any CPU
		Release|Any CPU = Release|Any CPU
	EndGlobalSection
	GlobalSection(ProjectConfigurationPlatforms) = postSolution
		{B452E0D8-2B9A-4393-B87A-26D13AE0A35F}.Debug|Any CPU.ActiveCfg = Debug|Any CPU
		{B452E0D8-2B9A-4393-B87A-26D13AE0A35F}.Debug|Any CPU.Build.0 = Debug|Any CPU
		{B452E0D8-2B9A-4393-B87A-26D13AE0A35F}.Release|Any CPU.ActiveCfg = Release|Any CPU
		{B452E0D8-2B9A-4393-B87A-26D13AE0A35F}.Release|Any CPU.Build.0 = Release|Any CPU
		{6FC2AA3F-7488-42FF-998C-5B3EF771642E}.Debug|Any CPU.ActiveCfg = Debug|Any CPU
		{6FC2AA3F-7488-42FF-998C-5B3EF771642E}.Debug|Any CPU.Build.0 = Debug|Any CPU
		{6FC2AA3F-7488-42FF-998C-5B3EF771642E}.Release|Any CPU.ActiveCfg = Release|Any CPU
		{6FC2AA3F-7488-42FF-998C-5B3EF771642E}.Release|Any CPU.Build.0 = Release|Any CPU
		{E4DE396A-C7AD-4DD2-A260-F2D3231D85E1}.Debug|Any CPU.ActiveCfg = Debug|Any CPU
		{E4DE396A-C7AD-4DD2-A260-F2D3231D85E1}.Debug|Any CPU.Build.0 = Debug|Any CPU
		{E4DE396A-C7AD-4DD2-A260-F2D3231D85E1}.Release|Any CPU.ActiveCfg = Release|Any CPU
		{E4DE396A-C7AD-4DD2-A260-F2D3231D85E1}.Release|Any CPU.Build.0 = Release|Any CPU
		{588297CD-8BAF-41AE-A55A-81A563764FA3}.Debug|Any CPU.ActiveCfg = Debug|Any CPU
		{588297CD-8BAF-41AE-A55A-81A563764FA3}.Debug|Any CPU.Build.0 = Debug|Any CPU
		{588297CD-8BAF-41AE-A55A-81A563764FA3}.Release|Any CPU.ActiveCfg = Release|Any CPU
		{588297CD-8BAF-41AE-A55A-81A563764FA3}.Release|Any CPU.Build.0 = Release|Any CPU
	EndGlobalSection
	GlobalSection(SolutionProperties) = preSolution
		HideSolutionNode = FALSE
	EndGlobalSection
	GlobalSection(ExtensibilityGlobals) = postSolution
		SolutionGuid = {FF591F39-E30C-48E7-ADDD-31DA1BF5E198}
	EndGlobalSection
EndGlobal
